
Microsoft Visual Studio Solution File, Format Version 12.00
# Visual Studio Version 16
VisualStudioVersion = 16.0.31515.178
MinimumVisualStudioVersion = 10.0.40219.1
Project("{FAE04EC0-301F-11D3-BF4B-00C04F79EFBC}") = "ImprovedHordes", "ImprovedHordes.csproj", "{86109C52-7C00-47C3-957A-17770ACC0F73}"
EndProject
Global
	GlobalSection(SolutionConfigurationPlatforms) = preSolution
		Debug|Any CPU = Debug|Any CPU
		Release|Any CPU = Release|Any CPU
	EndGlobalSection
	GlobalSection(ProjectConfigurationPlatforms) = postSolution
		{86109C52-7C00-47C3-957A-17770ACC0F73}.Debug|Any CPU.ActiveCfg = Debug|Any CPU
		{86109C52-7C00-47C3-957A-17770ACC0F73}.Debug|Any CPU.Build.0 = Debug|Any CPU
		{86109C52-7C00-47C3-957A-17770ACC0F73}.Release|Any CPU.ActiveCfg = Release|Any CPU
		{86109C52-7C00-47C3-957A-17770ACC0F73}.Release|Any CPU.Build.0 = Release|Any CPU
	EndGlobalSection
	GlobalSection(SolutionProperties) = preSolution
		HideSolutionNode = FALSE
	EndGlobalSection
	GlobalSection(ExtensibilityGlobals) = postSolution
		SolutionGuid = {68D45F26-C906-4FB3-8BBB-7C6FC6BCDBCD}
	EndGlobalSection
EndGlobal
